
Microsoft Visual Studio Solution File, Format Version 12.00
# Visual Studio Version 16
VisualStudioVersion = 16.0.29509.3
MinimumVisualStudioVersion = 10.0.40219.1
Project("{FAE04EC0-301F-11D3-BF4B-00C04F79EFBC}") = "BlueJayOfficesDLL", "BlueJayOfficesDLL\BlueJayOfficesDLL.csproj", "{35344DB1-5F32-4140-A72A-451FAD37596F}"
EndProject
Global
	GlobalSection(SolutionConfigurationPlatforms) = preSolution
		Debug|Any CPU = Debug|Any CPU
		Release|Any CPU = Release|Any CPU
	EndGlobalSection
	GlobalSection(ProjectConfigurationPlatforms) = postSolution
		{35344DB1-5F32-4140-A72A-451FAD37596F}.Debug|Any CPU.ActiveCfg = Debug|Any CPU
		{35344DB1-5F32-4140-A72A-451FAD37596F}.Debug|Any CPU.Build.0 = Debug|Any CPU
		{35344DB1-5F32-4140-A72A-451FAD37596F}.Release|Any CPU.ActiveCfg = Release|Any CPU
		{35344DB1-5F32-4140-A72A-451FAD37596F}.Release|Any CPU.Build.0 = Release|Any CPU
	EndGlobalSection
	GlobalSection(SolutionProperties) = preSolution
		HideSolutionNode = FALSE
	EndGlobalSection
	GlobalSection(ExtensibilityGlobals) = postSolution
		SolutionGuid = {4EA2C7AB-58D4-49DB-8D9B-2988F72D77D3}
	EndGlobalSection
EndGlobal
